
Microsoft Visual Studio Solution File, Format Version 12.00
# Visual Studio Version 17
VisualStudioVersion = 17.13.35818.85 d17.13
MinimumVisualStudioVersion = 10.0.40219.1
Project("{FAE04EC0-301F-11D3-BF4B-00C04F79EFBC}") = "TPMod3_103022300017", "TPMod3_103022300017\TPMod3_103022300017.csproj", "{032381BD-A465-40A3-B3CB-D6BB46F95FAB}"
EndProject
Global
	GlobalSection(SolutionConfigurationPlatforms) = preSolution
		Debug|Any CPU = Debug|Any CPU
		Release|Any CPU = Release|Any CPU
	EndGlobalSection
	GlobalSection(ProjectConfigurationPlatforms) = postSolution
		{032381BD-A465-40A3-B3CB-D6BB46F95FAB}.Debug|Any CPU.ActiveCfg = Debug|Any CPU
		{032381BD-A465-40A3-B3CB-D6BB46F95FAB}.Debug|Any CPU.Build.0 = Debug|Any CPU
		{032381BD-A465-40A3-B3CB-D6BB46F95FAB}.Release|Any CPU.ActiveCfg = Release|Any CPU
		{032381BD-A465-40A3-B3CB-D6BB46F95FAB}.Release|Any CPU.Build.0 = Release|Any CPU
	EndGlobalSection
	GlobalSection(SolutionProperties) = preSolution
		HideSolutionNode = FALSE
	EndGlobalSection
	GlobalSection(ExtensibilityGlobals) = postSolution
		SolutionGuid = {DF4CA176-8F52-4535-8514-300655105D05}
	EndGlobalSection
EndGlobal
